
Microsoft Visual Studio Solution File, Format Version 12.00
# Visual Studio Version 16
VisualStudioVersion = 16.0.29009.5
MinimumVisualStudioVersion = 10.0.40219.1
Project("{9A19103F-16F7-4668-BE54-9A1E7A4F7556}") = "Olo42.SAROM.WebApp", "src\Olo42.SAROM.WebApp\Olo42.SAROM.WebApp.csproj", "{A05997CF-15C8-45E2-B762-E38C9F7D7697}"
EndProject
Project("{9A19103F-16F7-4668-BE54-9A1E7A4F7556}") = "Olo42.SAROM.DataAccess", "src\Olo42.SAROM.DataAccess\Olo42.SAROM.DataAccess.csproj", "{8B362AA8-A4A7-41FD-BB06-7FD231E16FEA}"
EndProject
Project("{FAE04EC0-301F-11D3-BF4B-00C04F79EFBC}") = "Olo42.SAROM.DataAccesTests", "tests\Olo42.SAROM.DataAcces.Tests\Olo42.SAROM.DataAcces.Tests.csproj", "{CDD0C97F-7032-4482-AE44-A9949B88F0DD}"
EndProject
Global
	GlobalSection(SolutionConfigurationPlatforms) = preSolution
		Debug|Any CPU = Debug|Any CPU
		Release|Any CPU = Release|Any CPU
	EndGlobalSection
	GlobalSection(ProjectConfigurationPlatforms) = postSolution
		{A05997CF-15C8-45E2-B762-E38C9F7D7697}.Debug|Any CPU.ActiveCfg = Debug|Any CPU
		{A05997CF-15C8-45E2-B762-E38C9F7D7697}.Debug|Any CPU.Build.0 = Debug|Any CPU
		{A05997CF-15C8-45E2-B762-E38C9F7D7697}.Release|Any CPU.ActiveCfg = Release|Any CPU
		{A05997CF-15C8-45E2-B762-E38C9F7D7697}.Release|Any CPU.Build.0 = Release|Any CPU
		{8B362AA8-A4A7-41FD-BB06-7FD231E16FEA}.Debug|Any CPU.ActiveCfg = Debug|Any CPU
		{8B362AA8-A4A7-41FD-BB06-7FD231E16FEA}.Debug|Any CPU.Build.0 = Debug|Any CPU
		{8B362AA8-A4A7-41FD-BB06-7FD231E16FEA}.Release|Any CPU.ActiveCfg = Release|Any CPU
		{8B362AA8-A4A7-41FD-BB06-7FD231E16FEA}.Release|Any CPU.Build.0 = Release|Any CPU
		{CDD0C97F-7032-4482-AE44-A9949B88F0DD}.Debug|Any CPU.ActiveCfg = Debug|Any CPU
		{CDD0C97F-7032-4482-AE44-A9949B88F0DD}.Debug|Any CPU.Build.0 = Debug|Any CPU
		{CDD0C97F-7032-4482-AE44-A9949B88F0DD}.Release|Any CPU.ActiveCfg = Release|Any CPU
		{CDD0C97F-7032-4482-AE44-A9949B88F0DD}.Release|Any CPU.Build.0 = Release|Any CPU
	EndGlobalSection
	GlobalSection(SolutionProperties) = preSolution
		HideSolutionNode = FALSE
	EndGlobalSection
	GlobalSection(ExtensibilityGlobals) = postSolution
		SolutionGuid = {1474DD76-D141-4071-9EE3-C6FEFCCE86C1}
	EndGlobalSection
EndGlobal
