
Microsoft Visual Studio Solution File, Format Version 12.00
# Visual Studio Version 16
VisualStudioVersion = 16.0.29009.5
MinimumVisualStudioVersion = 10.0.40219.1
Project("{9A19103F-16F7-4668-BE54-9A1E7A4F7556}") = "Olo42.SAROM.WebApp", "SAROM\Olo42.SAROM.WebApp.csproj", "{A05997CF-15C8-45E2-B762-E38C9F7D7697}"
EndProject
Global
	GlobalSection(SolutionConfigurationPlatforms) = preSolution
		Debug|Any CPU = Debug|Any CPU
		Release|Any CPU = Release|Any CPU
	EndGlobalSection
	GlobalSection(ProjectConfigurationPlatforms) = postSolution
		{A05997CF-15C8-45E2-B762-E38C9F7D7697}.Debug|Any CPU.ActiveCfg = Debug|Any CPU
		{A05997CF-15C8-45E2-B762-E38C9F7D7697}.Debug|Any CPU.Build.0 = Debug|Any CPU
		{A05997CF-15C8-45E2-B762-E38C9F7D7697}.Release|Any CPU.ActiveCfg = Release|Any CPU
		{A05997CF-15C8-45E2-B762-E38C9F7D7697}.Release|Any CPU.Build.0 = Release|Any CPU
	EndGlobalSection
	GlobalSection(SolutionProperties) = preSolution
		HideSolutionNode = FALSE
	EndGlobalSection
	GlobalSection(ExtensibilityGlobals) = postSolution
		SolutionGuid = {1474DD76-D141-4071-9EE3-C6FEFCCE86C1}
	EndGlobalSection
EndGlobal
